
Microsoft Visual Studio Solution File, Format Version 12.00
# Visual Studio Version 17
VisualStudioVersion = 17.13.35919.96 d17.13
MinimumVisualStudioVersion = 10.0.40219.1
Project("{FAE04EC0-301F-11D3-BF4B-00C04F79EFBC}") = "TheUnsungBlog", "TheUnsungBlog\TheUnsungBlog.csproj", "{BABC5B92-58E1-418C-8930-4DC4C3A66D1F}"
EndProject
Global
	GlobalSection(SolutionConfigurationPlatforms) = preSolution
		Debug|Any CPU = Debug|Any CPU
		Release|Any CPU = Release|Any CPU
	EndGlobalSection
	GlobalSection(ProjectConfigurationPlatforms) = postSolution
		{BABC5B92-58E1-418C-8930-4DC4C3A66D1F}.Debug|Any CPU.ActiveCfg = Debug|Any CPU
		{BABC5B92-58E1-418C-8930-4DC4C3A66D1F}.Debug|Any CPU.Build.0 = Debug|Any CPU
		{BABC5B92-58E1-418C-8930-4DC4C3A66D1F}.Release|Any CPU.ActiveCfg = Release|Any CPU
		{BABC5B92-58E1-418C-8930-4DC4C3A66D1F}.Release|Any CPU.Build.0 = Release|Any CPU
	EndGlobalSection
	GlobalSection(SolutionProperties) = preSolution
		HideSolutionNode = FALSE
	EndGlobalSection
	GlobalSection(ExtensibilityGlobals) = postSolution
		SolutionGuid = {8595F6D8-A4C3-40CE-82C6-C56FF4174871}
	EndGlobalSection
EndGlobal
